
Microsoft Visual Studio Solution File, Format Version 12.00
# Visual Studio Version 16
VisualStudioVersion = 16.0.29519.181
MinimumVisualStudioVersion = 10.0.40219.1
Project("{FAE04EC0-301F-11D3-BF4B-00C04F79EFBC}") = "PDFPrintDemo", "PDFPrintDemo.csproj", "{4257DD7A-BD5D-4DAB-B52E-E09F81FD4719}"
EndProject
Global
	GlobalSection(SolutionConfigurationPlatforms) = preSolution
		Debug|Any CPU = Debug|Any CPU
		Release|Any CPU = Release|Any CPU
	EndGlobalSection
	GlobalSection(ProjectConfigurationPlatforms) = postSolution
		{4257DD7A-BD5D-4DAB-B52E-E09F81FD4719}.Debug|Any CPU.ActiveCfg = Debug|Any CPU
		{4257DD7A-BD5D-4DAB-B52E-E09F81FD4719}.Debug|Any CPU.Build.0 = Debug|Any CPU
		{4257DD7A-BD5D-4DAB-B52E-E09F81FD4719}.Release|Any CPU.ActiveCfg = Release|Any CPU
		{4257DD7A-BD5D-4DAB-B52E-E09F81FD4719}.Release|Any CPU.Build.0 = Release|Any CPU
	EndGlobalSection
	GlobalSection(SolutionProperties) = preSolution
		HideSolutionNode = FALSE
	EndGlobalSection
	GlobalSection(ExtensibilityGlobals) = postSolution
		SolutionGuid = {3D8E1984-56B4-457A-8AB7-A75338E915B1}
	EndGlobalSection
EndGlobal
