
Microsoft Visual Studio Solution File, Format Version 12.00
# Visual Studio Version 17
VisualStudioVersion = 17.12.35527.113 d17.12
MinimumVisualStudioVersion = 10.0.40219.1
Project("{FAE04EC0-301F-11D3-BF4B-00C04F79EFBC}") = "HostedPdfViewer_NET", "HostedPdfViewer_NET.csproj", "{6C45B582-45B9-4371-A4CC-628F288E2107}"
EndProject
Global
	GlobalSection(SolutionConfigurationPlatforms) = preSolution
		Debug|Any CPU = Debug|Any CPU
		Release|Any CPU = Release|Any CPU
	EndGlobalSection
	GlobalSection(ProjectConfigurationPlatforms) = postSolution
		{6C45B582-45B9-4371-A4CC-628F288E2107}.Debug|Any CPU.ActiveCfg = Debug|Any CPU
		{6C45B582-45B9-4371-A4CC-628F288E2107}.Debug|Any CPU.Build.0 = Debug|Any CPU
		{6C45B582-45B9-4371-A4CC-628F288E2107}.Release|Any CPU.ActiveCfg = Release|Any CPU
		{6C45B582-45B9-4371-A4CC-628F288E2107}.Release|Any CPU.Build.0 = Release|Any CPU
	EndGlobalSection
	GlobalSection(SolutionProperties) = preSolution
		HideSolutionNode = FALSE
	EndGlobalSection
EndGlobal
